
Microsoft Visual Studio Solution File, Format Version 12.00
# Visual Studio 15
VisualStudioVersion = 15.0.27130.2010
MinimumVisualStudioVersion = 10.0.40219.1
Project("{8BC9CEB8-8B4A-11D0-8D11-00A0C91BC942}") = "Init3D", "Init3D\Init3D.vcxproj", "{A11E5448-38D8-4B29-BB17-01A0ED778066}"
EndProject
Global
	GlobalSection(SolutionConfigurationPlatforms) = preSolution
		Debug|x64 = Debug|x64
		Debug|x86 = Debug|x86
		Release|x64 = Release|x64
		Release|x86 = Release|x86
	EndGlobalSection
	GlobalSection(ProjectConfigurationPlatforms) = postSolution
		{A11E5448-38D8-4B29-BB17-01A0ED778066}.Debug|x64.ActiveCfg = Debug|x64
		{A11E5448-38D8-4B29-BB17-01A0ED778066}.Debug|x64.Build.0 = Debug|x64
		{A11E5448-38D8-4B29-BB17-01A0ED778066}.Debug|x86.ActiveCfg = Debug|Win32
		{A11E5448-38D8-4B29-BB17-01A0ED778066}.Debug|x86.Build.0 = Debug|Win32
		{A11E5448-38D8-4B29-BB17-01A0ED778066}.Release|x64.ActiveCfg = Release|x64
		{A11E5448-38D8-4B29-BB17-01A0ED778066}.Release|x64.Build.0 = Release|x64
		{A11E5448-38D8-4B29-BB17-01A0ED778066}.Release|x86.ActiveCfg = Release|Win32
		{A11E5448-38D8-4B29-BB17-01A0ED778066}.Release|x86.Build.0 = Release|Win32
	EndGlobalSection
	GlobalSection(SolutionProperties) = preSolution
		HideSolutionNode = FALSE
	EndGlobalSection
	GlobalSection(ExtensibilityGlobals) = postSolution
		SolutionGuid = {C286996A-E718-46DF-9ABE-193C61414CDC}
	EndGlobalSection
EndGlobal
